
Microsoft Visual Studio Solution File, Format Version 11.00
# Visual Studio 2010
Project("{FAE04EC0-301F-11D3-BF4B-00C04F79EFBC}") = "Assembly-CSharp", "Assembly-CSharp.csproj", "{5ECB5787-328D-97EF-69C6-211F77ED1778}"
EndProject
Project("{FAE04EC0-301F-11D3-BF4B-00C04F79EFBC}") = "Assembly-CSharp-Editor", "Assembly-CSharp-Editor.csproj", "{EFA38636-0A1F-9294-6558-3D07657A939D}"
EndProject
Global
	GlobalSection(SolutionConfigurationPlatforms) = preSolution
		Debug|Any CPU = Debug|Any CPU
		Release|Any CPU = Release|Any CPU
	EndGlobalSection
	GlobalSection(ProjectConfigurationPlatforms) = postSolution
		{5ECB5787-328D-97EF-69C6-211F77ED1778}.Debug|Any CPU.ActiveCfg = Debug|Any CPU
		{5ECB5787-328D-97EF-69C6-211F77ED1778}.Debug|Any CPU.Build.0 = Debug|Any CPU
		{5ECB5787-328D-97EF-69C6-211F77ED1778}.Release|Any CPU.ActiveCfg = Release|Any CPU
		{5ECB5787-328D-97EF-69C6-211F77ED1778}.Release|Any CPU.Build.0 = Release|Any CPU
		{EFA38636-0A1F-9294-6558-3D07657A939D}.Debug|Any CPU.ActiveCfg = Debug|Any CPU
		{EFA38636-0A1F-9294-6558-3D07657A939D}.Debug|Any CPU.Build.0 = Debug|Any CPU
		{EFA38636-0A1F-9294-6558-3D07657A939D}.Release|Any CPU.ActiveCfg = Release|Any CPU
		{EFA38636-0A1F-9294-6558-3D07657A939D}.Release|Any CPU.Build.0 = Release|Any CPU
	EndGlobalSection
	GlobalSection(SolutionProperties) = preSolution
		HideSolutionNode = FALSE
	EndGlobalSection
EndGlobal
